{
  "version": 4,
  "terraform_version": "1.9.8",
  "serial": 52,
  "lineage": "fb11f275-048c-a340-03bf-17110a961784",
  "outputs": {},
  "resources": [
    {
      "module": "module.ec2",
      "mode": "managed",
      "type": "aws_instance",
      "name": "private_vm",
      "provider": "provider[\"registry.terraform.io/hashicorp/aws\"]",
      "instances": [
        {
          "schema_version": 1,
          "attributes": {
            "ami": "ami-06b21ccaeff8cd686",
            "arn": "arn:aws:ec2:us-east-1:982081089549:instance/i-05a6de6d9af63c556",
            "associate_public_ip_address": false,
            "availability_zone": "us-east-1a",
            "capacity_reservation_specification": [
              {
                "capacity_reservation_preference": "open",
                "capacity_reservation_target": []
              }
            ],
            "cpu_core_count": 1,
            "cpu_options": [
              {
                "amd_sev_snp": "",
                "core_count": 1,
                "threads_per_core": 1
              }
            ],
            "cpu_threads_per_core": 1,
            "credit_specification": [
              {
                "cpu_credits": "standard"
              }
            ],
            "disable_api_stop": false,
            "disable_api_termination": false,
            "ebs_block_device": [],
            "ebs_optimized": false,
            "enclave_options": [
              {
                "enabled": false
              }
            ],
            "ephemeral_block_device": [],
            "get_password_data": false,
            "hibernation": false,
            "host_id": "",
            "host_resource_group_arn": null,
            "iam_instance_profile": "",
            "id": "i-05a6de6d9af63c556",
            "instance_initiated_shutdown_behavior": "stop",
            "instance_lifecycle": "",
            "instance_market_options": [],
            "instance_state": "running",
            "instance_type": "t2.micro",
            "ipv6_address_count": 0,
            "ipv6_addresses": [],
            "key_name": "terraform-key",
            "launch_template": [],
            "maintenance_options": [
              {
                "auto_recovery": "default"
              }
            ],
            "metadata_options": [
              {
                "http_endpoint": "enabled",
                "http_protocol_ipv6": "disabled",
                "http_put_response_hop_limit": 2,
                "http_tokens": "required",
                "instance_metadata_tags": "disabled"
              }
            ],
            "monitoring": false,
            "network_interface": [],
            "outpost_arn": "",
            "password_data": "",
            "placement_group": "",
            "placement_partition_number": 0,
            "primary_network_interface_id": "eni-03827cbe3076da645",
            "private_dns": "ip-10-0-2-92.ec2.internal",
            "private_dns_name_options": [
              {
                "enable_resource_name_dns_a_record": false,
                "enable_resource_name_dns_aaaa_record": false,
                "hostname_type": "ip-name"
              }
            ],
            "private_ip": "10.0.2.92",
            "public_dns": "",
            "public_ip": "",
            "root_block_device": [
              {
                "delete_on_termination": true,
                "device_name": "/dev/xvda",
                "encrypted": false,
                "iops": 3000,
                "kms_key_id": "",
                "tags": {},
                "tags_all": {},
                "throughput": 125,
                "volume_id": "vol-034a5a9d22956a0ca",
                "volume_size": 8,
                "volume_type": "gp3"
              }
            ],
            "secondary_private_ips": [],
            "security_groups": [
              "sg-0e70ba764231f11a3"
            ],
            "source_dest_check": true,
            "spot_instance_request_id": "",
            "subnet_id": "subnet-0d701d8e6cf7da141",
            "tags": {
              "Name": "Private-VM"
            },
            "tags_all": {
              "Name": "Private-VM"
            },
            "tenancy": "default",
            "timeouts": null,
            "user_data": null,
            "user_data_base64": null,
            "user_data_replace_on_change": false,
            "volume_tags": null,
            "vpc_security_group_ids": [
              "sg-0e70ba764231f11a3"
            ]
          },
          "sensitive_attributes": [],
          "private": "eyJlMmJmYjczMC1lY2FhLTExZTYtOGY4OC0zNDM2M2JjN2M0YzAiOnsiY3JlYXRlIjo2MDAwMDAwMDAwMDAsImRlbGV0ZSI6MTIwMDAwMDAwMDAwMCwicmVhZCI6OTAwMDAwMDAwMDAwLCJ1cGRhdGUiOjYwMDAwMDAwMDAwMH0sInNjaGVtYV92ZXJzaW9uIjoiMSJ9",
          "dependencies": [
            "module.networking.aws_security_group.nginx_sg",
            "module.networking.aws_subnet.private_subnet",
            "module.networking.aws_vpc.custom_vpc",
            "module.ssh.aws_key_pair.ec2_key",
            "module.ssh.tls_private_key.ssh"
          ]
        }
      ]
    },
    {
      "module": "module.ec2",
      "mode": "managed",
      "type": "aws_instance",
      "name": "public_vm",
      "provider": "provider[\"registry.terraform.io/hashicorp/aws\"]",
      "instances": [
        {
          "schema_version": 1,
          "attributes": {
            "ami": "ami-06b21ccaeff8cd686",
            "arn": "arn:aws:ec2:us-east-1:982081089549:instance/i-09f14ad74606e26c3",
            "associate_public_ip_address": true,
            "availability_zone": "us-east-1a",
            "capacity_reservation_specification": [
              {
                "capacity_reservation_preference": "open",
                "capacity_reservation_target": []
              }
            ],
            "cpu_core_count": 1,
            "cpu_options": [
              {
                "amd_sev_snp": "",
                "core_count": 1,
                "threads_per_core": 1
              }
            ],
            "cpu_threads_per_core": 1,
            "credit_specification": [
              {
                "cpu_credits": "standard"
              }
            ],
            "disable_api_stop": false,
            "disable_api_termination": false,
            "ebs_block_device": [],
            "ebs_optimized": false,
            "enclave_options": [
              {
                "enabled": false
              }
            ],
            "ephemeral_block_device": [],
            "get_password_data": false,
            "hibernation": false,
            "host_id": "",
            "host_resource_group_arn": null,
            "iam_instance_profile": "",
            "id": "i-09f14ad74606e26c3",
            "instance_initiated_shutdown_behavior": "stop",
            "instance_lifecycle": "",
            "instance_market_options": [],
            "instance_state": "running",
            "instance_type": "t2.micro",
            "ipv6_address_count": 0,
            "ipv6_addresses": [],
            "key_name": "terraform-key",
            "launch_template": [],
            "maintenance_options": [
              {
                "auto_recovery": "default"
              }
            ],
            "metadata_options": [
              {
                "http_endpoint": "enabled",
                "http_protocol_ipv6": "disabled",
                "http_put_response_hop_limit": 2,
                "http_tokens": "required",
                "instance_metadata_tags": "disabled"
              }
            ],
            "monitoring": false,
            "network_interface": [],
            "outpost_arn": "",
            "password_data": "",
            "placement_group": "",
            "placement_partition_number": 0,
            "primary_network_interface_id": "eni-0a5e83f1b01115d4b",
            "private_dns": "ip-10-0-1-131.ec2.internal",
            "private_dns_name_options": [
              {
                "enable_resource_name_dns_a_record": false,
                "enable_resource_name_dns_aaaa_record": false,
                "hostname_type": "ip-name"
              }
            ],
            "private_ip": "10.0.1.131",
            "public_dns": "ec2-54-221-136-57.compute-1.amazonaws.com",
            "public_ip": "54.221.136.57",
            "root_block_device": [
              {
                "delete_on_termination": true,
                "device_name": "/dev/xvda",
                "encrypted": false,
                "iops": 3000,
                "kms_key_id": "",
                "tags": {},
                "tags_all": {},
                "throughput": 125,
                "volume_id": "vol-0cc1265dfe9d060a1",
                "volume_size": 8,
                "volume_type": "gp3"
              }
            ],
            "secondary_private_ips": [],
            "security_groups": [
              "sg-0e70ba764231f11a3"
            ],
            "source_dest_check": true,
            "spot_instance_request_id": "",
            "subnet_id": "subnet-04996e99d16c543d6",
            "tags": {
              "Name": "Public-VM"
            },
            "tags_all": {
              "Name": "Public-VM"
            },
            "tenancy": "default",
            "timeouts": null,
            "user_data": "e9ce3f2ffa66ce3b00108596127b138cd588c7c0",
            "user_data_base64": null,
            "user_data_replace_on_change": false,
            "volume_tags": null,
            "vpc_security_group_ids": [
              "sg-0e70ba764231f11a3"
            ]
          },
          "sensitive_attributes": [],
          "private": "eyJlMmJmYjczMC1lY2FhLTExZTYtOGY4OC0zNDM2M2JjN2M0YzAiOnsiY3JlYXRlIjo2MDAwMDAwMDAwMDAsImRlbGV0ZSI6MTIwMDAwMDAwMDAwMCwicmVhZCI6OTAwMDAwMDAwMDAwLCJ1cGRhdGUiOjYwMDAwMDAwMDAwMH0sInNjaGVtYV92ZXJzaW9uIjoiMSJ9",
          "dependencies": [
            "module.networking.aws_security_group.nginx_sg",
            "module.networking.aws_subnet.public_subnet",
            "module.networking.aws_vpc.custom_vpc",
            "module.ssh.aws_key_pair.ec2_key",
            "module.ssh.tls_private_key.ssh"
          ]
        }
      ]
    },
    {
      "module": "module.networking",
      "mode": "managed",
      "type": "aws_internet_gateway",
      "name": "igw",
      "provider": "provider[\"registry.terraform.io/hashicorp/aws\"]",
      "instances": [
        {
          "schema_version": 0,
          "attributes": {
            "arn": "arn:aws:ec2:us-east-1:982081089549:internet-gateway/igw-065a6db2a5d94aada",
            "id": "igw-065a6db2a5d94aada",
            "owner_id": "982081089549",
            "tags": {
              "Name": "internet-gateway"
            },
            "tags_all": {
              "Name": "internet-gateway"
            },
            "timeouts": null,
            "vpc_id": "vpc-06c76842652c430d5"
          },
          "sensitive_attributes": [],
          "private": "eyJlMmJmYjczMC1lY2FhLTExZTYtOGY4OC0zNDM2M2JjN2M0YzAiOnsiY3JlYXRlIjoxMjAwMDAwMDAwMDAwLCJkZWxldGUiOjEyMDAwMDAwMDAwMDAsInVwZGF0ZSI6MTIwMDAwMDAwMDAwMH19",
          "dependencies": [
            "module.networking.aws_vpc.custom_vpc"
          ]
        }
      ]
    },
    {
      "module": "module.networking",
      "mode": "managed",
      "type": "aws_route_table",
      "name": "public_rt",
      "provider": "provider[\"registry.terraform.io/hashicorp/aws\"]",
      "instances": [
        {
          "schema_version": 0,
          "attributes": {
            "arn": "arn:aws:ec2:us-east-1:982081089549:route-table/rtb-039e2424787621c50",
            "id": "rtb-039e2424787621c50",
            "owner_id": "982081089549",
            "propagating_vgws": [],
            "route": [
              {
                "carrier_gateway_id": "",
                "cidr_block": "0.0.0.0/0",
                "core_network_arn": "",
                "destination_prefix_list_id": "",
                "egress_only_gateway_id": "",
                "gateway_id": "igw-065a6db2a5d94aada",
                "ipv6_cidr_block": "",
                "local_gateway_id": "",
                "nat_gateway_id": "",
                "network_interface_id": "",
                "transit_gateway_id": "",
                "vpc_endpoint_id": "",
                "vpc_peering_connection_id": ""
              }
            ],
            "tags": {
              "Name": "public-route-table"
            },
            "tags_all": {
              "Name": "public-route-table"
            },
            "timeouts": null,
            "vpc_id": "vpc-06c76842652c430d5"
          },
          "sensitive_attributes": [],
          "private": "eyJlMmJmYjczMC1lY2FhLTExZTYtOGY4OC0zNDM2M2JjN2M0YzAiOnsiY3JlYXRlIjozMDAwMDAwMDAwMDAsImRlbGV0ZSI6MzAwMDAwMDAwMDAwLCJ1cGRhdGUiOjEyMDAwMDAwMDAwMH19",
          "dependencies": [
            "module.networking.aws_internet_gateway.igw",
            "module.networking.aws_vpc.custom_vpc"
          ]
        }
      ]
    },
    {
      "module": "module.networking",
      "mode": "managed",
      "type": "aws_route_table_association",
      "name": "public_rta",
      "provider": "provider[\"registry.terraform.io/hashicorp/aws\"]",
      "instances": [
        {
          "schema_version": 0,
          "attributes": {
            "gateway_id": "",
            "id": "rtbassoc-0dfdb0389881142cc",
            "route_table_id": "rtb-039e2424787621c50",
            "subnet_id": "subnet-04996e99d16c543d6",
            "timeouts": null
          },
          "sensitive_attributes": [],
          "private": "eyJlMmJmYjczMC1lY2FhLTExZTYtOGY4OC0zNDM2M2JjN2M0YzAiOnsiY3JlYXRlIjozMDAwMDAwMDAwMDAsImRlbGV0ZSI6MzAwMDAwMDAwMDAwLCJ1cGRhdGUiOjEyMDAwMDAwMDAwMH19",
          "dependencies": [
            "module.networking.aws_internet_gateway.igw",
            "module.networking.aws_route_table.public_rt",
            "module.networking.aws_subnet.public_subnet",
            "module.networking.aws_vpc.custom_vpc"
          ]
        }
      ]
    },
    {
      "module": "module.networking",
      "mode": "managed",
      "type": "aws_security_group",
      "name": "nginx_sg",
      "provider": "provider[\"registry.terraform.io/hashicorp/aws\"]",
      "instances": [
        {
          "schema_version": 1,
          "attributes": {
            "arn": "arn:aws:ec2:us-east-1:982081089549:security-group/sg-0e70ba764231f11a3",
            "description": "Managed by Terraform",
            "egress": [
              {
                "cidr_blocks": [
                  "0.0.0.0/0"
                ],
                "description": "",
                "from_port": 0,
                "ipv6_cidr_blocks": [],
                "prefix_list_ids": [],
                "protocol": "-1",
                "security_groups": [],
                "self": false,
                "to_port": 0
              }
            ],
            "id": "sg-0e70ba764231f11a3",
            "ingress": [
              {
                "cidr_blocks": [
                  "0.0.0.0/0"
                ],
                "description": "",
                "from_port": 22,
                "ipv6_cidr_blocks": [],
                "prefix_list_ids": [],
                "protocol": "tcp",
                "security_groups": [],
                "self": false,
                "to_port": 22
              },
              {
                "cidr_blocks": [
                  "0.0.0.0/0"
                ],
                "description": "",
                "from_port": 80,
                "ipv6_cidr_blocks": [],
                "prefix_list_ids": [],
                "protocol": "tcp",
                "security_groups": [],
                "self": false,
                "to_port": 80
              }
            ],
            "name": "terraform-20241121104331021700000001",
            "name_prefix": "terraform-",
            "owner_id": "982081089549",
            "revoke_rules_on_delete": false,
            "tags": {},
            "tags_all": {},
            "timeouts": null,
            "vpc_id": "vpc-06c76842652c430d5"
          },
          "sensitive_attributes": [],
          "private": "eyJlMmJmYjczMC1lY2FhLTExZTYtOGY4OC0zNDM2M2JjN2M0YzAiOnsiY3JlYXRlIjo2MDAwMDAwMDAwMDAsImRlbGV0ZSI6OTAwMDAwMDAwMDAwfSwic2NoZW1hX3ZlcnNpb24iOiIxIn0=",
          "dependencies": [
            "module.networking.aws_vpc.custom_vpc"
          ]
        }
      ]
    },
    {
      "module": "module.networking",
      "mode": "managed",
      "type": "aws_subnet",
      "name": "private_subnet",
      "provider": "provider[\"registry.terraform.io/hashicorp/aws\"]",
      "instances": [
        {
          "schema_version": 1,
          "attributes": {
            "arn": "arn:aws:ec2:us-east-1:982081089549:subnet/subnet-0d701d8e6cf7da141",
            "assign_ipv6_address_on_creation": false,
            "availability_zone": "us-east-1a",
            "availability_zone_id": "use1-az6",
            "cidr_block": "10.0.2.0/24",
            "customer_owned_ipv4_pool": "",
            "enable_dns64": false,
            "enable_lni_at_device_index": 0,
            "enable_resource_name_dns_a_record_on_launch": false,
            "enable_resource_name_dns_aaaa_record_on_launch": false,
            "id": "subnet-0d701d8e6cf7da141",
            "ipv6_cidr_block": "",
            "ipv6_cidr_block_association_id": "",
            "ipv6_native": false,
            "map_customer_owned_ip_on_launch": false,
            "map_public_ip_on_launch": false,
            "outpost_arn": "",
            "owner_id": "982081089549",
            "private_dns_hostname_type_on_launch": "ip-name",
            "tags": {
              "Name": "private-subnet"
            },
            "tags_all": {
              "Name": "private-subnet"
            },
            "timeouts": null,
            "vpc_id": "vpc-06c76842652c430d5"
          },
          "sensitive_attributes": [],
          "private": "eyJlMmJmYjczMC1lY2FhLTExZTYtOGY4OC0zNDM2M2JjN2M0YzAiOnsiY3JlYXRlIjo2MDAwMDAwMDAwMDAsImRlbGV0ZSI6MTIwMDAwMDAwMDAwMH0sInNjaGVtYV92ZXJzaW9uIjoiMSJ9",
          "dependencies": [
            "module.networking.aws_vpc.custom_vpc"
          ]
        }
      ]
    },
    {
      "module": "module.networking",
      "mode": "managed",
      "type": "aws_subnet",
      "name": "public_subnet",
      "provider": "provider[\"registry.terraform.io/hashicorp/aws\"]",
      "instances": [
        {
          "schema_version": 1,
          "attributes": {
            "arn": "arn:aws:ec2:us-east-1:982081089549:subnet/subnet-04996e99d16c543d6",
            "assign_ipv6_address_on_creation": false,
            "availability_zone": "us-east-1a",
            "availability_zone_id": "use1-az6",
            "cidr_block": "10.0.1.0/24",
            "customer_owned_ipv4_pool": "",
            "enable_dns64": false,
            "enable_lni_at_device_index": 0,
            "enable_resource_name_dns_a_record_on_launch": false,
            "enable_resource_name_dns_aaaa_record_on_launch": false,
            "id": "subnet-04996e99d16c543d6",
            "ipv6_cidr_block": "",
            "ipv6_cidr_block_association_id": "",
            "ipv6_native": false,
            "map_customer_owned_ip_on_launch": false,
            "map_public_ip_on_launch": false,
            "outpost_arn": "",
            "owner_id": "982081089549",
            "private_dns_hostname_type_on_launch": "ip-name",
            "tags": {
              "Name": "public-subnet"
            },
            "tags_all": {
              "Name": "public-subnet"
            },
            "timeouts": null,
            "vpc_id": "vpc-06c76842652c430d5"
          },
          "sensitive_attributes": [],
          "private": "eyJlMmJmYjczMC1lY2FhLTExZTYtOGY4OC0zNDM2M2JjN2M0YzAiOnsiY3JlYXRlIjo2MDAwMDAwMDAwMDAsImRlbGV0ZSI6MTIwMDAwMDAwMDAwMH0sInNjaGVtYV92ZXJzaW9uIjoiMSJ9",
          "dependencies": [
            "module.networking.aws_vpc.custom_vpc"
          ]
        }
      ]
    },
    {
      "module": "module.networking",
      "mode": "managed",
      "type": "aws_vpc",
      "name": "custom_vpc",
      "provider": "provider[\"registry.terraform.io/hashicorp/aws\"]",
      "instances": [
        {
          "schema_version": 1,
          "attributes": {
            "arn": "arn:aws:ec2:us-east-1:982081089549:vpc/vpc-06c76842652c430d5",
            "assign_generated_ipv6_cidr_block": false,
            "cidr_block": "10.0.0.0/16",
            "default_network_acl_id": "acl-0f0605fad45e533eb",
            "default_route_table_id": "rtb-07829d26376636dc9",
            "default_security_group_id": "sg-0df2e0e9e67770d97",
            "dhcp_options_id": "dopt-00766631668177c70",
            "enable_dns_hostnames": true,
            "enable_dns_support": true,
            "enable_network_address_usage_metrics": false,
            "id": "vpc-06c76842652c430d5",
            "instance_tenancy": "default",
            "ipv4_ipam_pool_id": null,
            "ipv4_netmask_length": null,
            "ipv6_association_id": "",
            "ipv6_cidr_block": "",
            "ipv6_cidr_block_network_border_group": "",
            "ipv6_ipam_pool_id": "",
            "ipv6_netmask_length": 0,
            "main_route_table_id": "rtb-07829d26376636dc9",
            "owner_id": "982081089549",
            "tags": {
              "Name": "custom-vpc"
            },
            "tags_all": {
              "Name": "custom-vpc"
            }
          },
          "sensitive_attributes": [],
          "private": "eyJzY2hlbWFfdmVyc2lvbiI6IjEifQ=="
        }
      ]
    },
    {
      "module": "module.ssh",
      "mode": "managed",
      "type": "aws_key_pair",
      "name": "ec2_key",
      "provider": "provider[\"registry.terraform.io/hashicorp/aws\"]",
      "instances": [
        {
          "schema_version": 1,
          "attributes": {
            "arn": "arn:aws:ec2:us-east-1:982081089549:key-pair/terraform-key",
            "fingerprint": "ce:4b:18:41:bd:58:bc:e6:b9:4e:3b:5f:94:2d:8e:c5",
            "id": "terraform-key",
            "key_name": "terraform-key",
            "key_name_prefix": "",
            "key_pair_id": "key-0505f597e7ba29607",
            "key_type": "rsa",
            "public_key": "ssh-rsa AAAAB3NzaC1yc2EAAAADAQABAAACAQC+vCS2mSq8afA2ciPsdRJY2Jn0wmIZvmFqM9On4qj9vss52g7jWw2B6NOYe2t1fgwQDCLYVgreBi9Zf3Ooyt8JJiPUHg1Qpwri2HDsWgyn8qB2BGrk1ghTmzDs6uWo4l5jXvQk5NCs5crTyqQct+6zMlvm/4e+RclayrRLoIRGt9ZqdMbRWwL9FLtx1Xt2rLzKy8CzslbSyQVmWOF6xQ0qDdQJJ6UKBKH3a4whJI1zu9VLTfHQo5kbWzcD32CHvC1Yo1GHAmV2q5ASvce6pNuUhYxF2ge5H4Aix8g5fpzS844SBoaTxSKLngkzoNY2VZre776b8jUAsVt4lb/Nhwox/6kmjVYMkeTD5oNOjfIMY/w38QYqTdrxFCxws82uUNmc601ikALazcuc097SmjfzlM/bxYk9HF44jlDlzfFyLrdUDUCZKCdtKM74Z1IWmAIu5UDwHSZs3m2vfIOAqANbiN7nNKFe7G1uFkNEqJkVGMHhxjIl9r3PslW4/+A7lYor+YjE5wkRUnJqXSRQQVk8Zsp3ydpA36nld5NWVH4h1N9/7axYsfjVmzN5EDK+CCdFI8s5S3YaJOijqNRkdzNvoHm3cV2MxbBEcHi0borsU4eVdj4DCWZ2/j95hYP+x0b3/Eg+Re042jb4sc4EwXMSrAv/VZsfFUiB9jx8i6IL/w==",
            "tags": null,
            "tags_all": {}
          },
          "sensitive_attributes": [],
          "private": "eyJzY2hlbWFfdmVyc2lvbiI6IjEifQ==",
          "dependencies": [
            "module.ssh.tls_private_key.ssh"
          ]
        }
      ]
    },
    {
      "module": "module.ssh",
      "mode": "managed",
      "type": "tls_private_key",
      "name": "ssh",
      "provider": "provider[\"registry.terraform.io/hashicorp/tls\"]",
      "instances": [
        {
          "schema_version": 1,
          "attributes": {
            "algorithm": "RSA",
            "ecdsa_curve": "P224",
            "id": "360850e8f020badc55d2f9fd70888feb5dc98f24",
            "private_key_openssh": "-----BEGIN OPENSSH PRIVATE KEY-----\nb3BlbnNzaC1rZXktdjEAAAAABG5vbmUAAAAEbm9uZQAAAAAAAAABAAACFwAAAAdz\nc2gtcnNhAAAAAwEAAQAAAgEAvrwktpkqvGnwNnIj7HUSWNiZ9MJiGb5hajPTp+Ko\n/b7LOdoO41sNgejTmHtrdX4MEAwi2FYK3gYvWX9zqMrfCSYj1B4NUKcK4thw7FoM\np/KgdgRq5NYIU5sw7OrlqOJeY170JOTQrOXK08qkHLfuszJb5v+HvkXJWsq0S6CE\nRrfWanTG0VsC/RS7cdV7dqy8ysvAs7JW0skFZljhesUNKg3UCSelCgSh92uMISSN\nc7vVS03x0KOZG1s3A99gh7wtWKNRhwJldquQEr3HuqTblIWMRdoHuR+AIsfIOX6c\n0vOOEgaGk8Uii54JM6DWNlWa3u++m/I1ALFbeJW/zYcKMf+pJo1WDJHkw+aDTo3y\nDGP8N/EGKk3a8RQscLPNrlDZnOtNYpAC2s3LnNPe0po385TP28WJPRxeOI5Q5c3x\nci63VA1AmSgnbSjO+GdSFpgCLuVA8B0mbN5tr3yDgKgDW4je5zShXuxtbhZDRKiZ\nFRjB4cYyJfa9z7JVuP/gO5WKK/mIxOcJEVJyal0kUEFZPGbKd8naQN+p5XeTVlR+\nIdTff+2sWLH41ZszeRAyvggnRSPLOUt2GiToo6jUZHczb6B5t3FdjMWwRHB4tG6K\n7FOHlXY+Awlmdv4/eYWD/sdG9/xIPkXtONo2+LHOBMFzEqwL/1WbHxVIgfY8fIui\nC/8AAAc4aPVliGj1ZYgAAAAHc3NoLXJzYQAAAgEAvrwktpkqvGnwNnIj7HUSWNiZ\n9MJiGb5hajPTp+Ko/b7LOdoO41sNgejTmHtrdX4MEAwi2FYK3gYvWX9zqMrfCSYj\n1B4NUKcK4thw7FoMp/KgdgRq5NYIU5sw7OrlqOJeY170JOTQrOXK08qkHLfuszJb\n5v+HvkXJWsq0S6CERrfWanTG0VsC/RS7cdV7dqy8ysvAs7JW0skFZljhesUNKg3U\nCSelCgSh92uMISSNc7vVS03x0KOZG1s3A99gh7wtWKNRhwJldquQEr3HuqTblIWM\nRdoHuR+AIsfIOX6c0vOOEgaGk8Uii54JM6DWNlWa3u++m/I1ALFbeJW/zYcKMf+p\nJo1WDJHkw+aDTo3yDGP8N/EGKk3a8RQscLPNrlDZnOtNYpAC2s3LnNPe0po385TP\n28WJPRxeOI5Q5c3xci63VA1AmSgnbSjO+GdSFpgCLuVA8B0mbN5tr3yDgKgDW4je\n5zShXuxtbhZDRKiZFRjB4cYyJfa9z7JVuP/gO5WKK/mIxOcJEVJyal0kUEFZPGbK\nd8naQN+p5XeTVlR+IdTff+2sWLH41ZszeRAyvggnRSPLOUt2GiToo6jUZHczb6B5\nt3FdjMWwRHB4tG6K7FOHlXY+Awlmdv4/eYWD/sdG9/xIPkXtONo2+LHOBMFzEqwL\n/1WbHxVIgfY8fIuiC/8AAAADAQABAAACADWTkdh808VTGLeifjbId9vfE/fttjK3\nCJQVdMm+4GtOcbWRbAcvJ28rYGx/lqLNQkQrtIoCOVE+eYRxSaLLQbVHMl8+Bc12\n7pbj52xsqwtuGuarvP8EpBggCrEyFkrHM25EWN4YLAm1DrFJRaoPfIx3g9syQgYP\ngkzvjY+EykM3FpKWtNZP81n1veVu6xxdzzZD36BaYwsYjly+cK/UtCrw8XOU4EYd\nIQXn/te8dcNhqrtZbKiHm9VUXPLIh0v5bt9sGNWMtcWM0Y6CIp1p+4gPr2Rbpzm4\nAH1EkxibWR/kbC7iCGFvyZFgVgNblXBzwWoH/AnAEmVcbG5F2je4TANdD7k4Ys9F\nxnbpUBaFdesGrYFWleORGn0u8xYZSSdDmLV/WNqzoOozk70P+xFStXEYltzi529y\nA0kRhvCBe7xrupsWvWiyr71Y3DReoiRAdsX+U+20CXZO88p9/0QLbJ5OVWHY8+dX\nO8iGnF9CshtJ+TdZN0Nk4l/E3gBcmlap8UpuN/qckDWTI5WNrg5u0WpmPfTC6iv3\nhNaL03TC1GSNtWua5W+mj7Aucj1ZUhYJU07XUTyP1h8c16zy6abW5gQlVQHF455z\n5NWZqCO20SZ+3hCyE10/0oFVO1J/oe92+N+NS38gdqnGXMiqvrE2tdbjYGqQXYjl\nzoengfehoOSBAAABAG5Y8od7ImX9s/zoYR40wkjRlFtk96EsBcfh2Fn+Ccio/QQu\niZQrSNyZ7ZryilCMWBihWHa2SXOaO6RikqenCDjrpAw69htZS6zwM+cu2AI+B9Yh\nNKzd3/HKMVaWwmEHs7NdB5qZAyDu3F+Hk7nw1Bv3fn4er/IutHbcQav6OIPblZsj\nQHAIwsxTzvnOtiobSaBec5AQqjVwvNP3x6pAWo/HfEWgeGVunzMcpKDPt6a+Pwe1\nqRG03dhcC3lZ/rBSbQ7Wo3gSAgX8dmxkgoYWykD3H6urNOKJy/JA3bF3bxI0/xZ7\nKfifm0CSaGO9zTWdmrAVCTtF+YQttcuetSEQ2mcAAAEBANDeydpj2zu+wJ9Hvzwi\n/CbocP34JQciFPEao+jQVYbjTJCbSATyDAmUj+1fxTbmFuJJsh6HThUx2lypVrJj\n4TUpNehw5brxSf4hA1x93SMQjPIjYynL4bab6m9S9FqdEcFhtrl4eSgWDBGc711N\nTX3yo0SL3p9Cny+I7zDKJn9vpb+L6pNaMVfRjmD+qgepzNOOV5XFLwlKy1RXMGtz\ndu0c3jfdi3enPR0gatcf8XslxPlSEG98LYPw1cSjrSDl/95lDy8GT4XgJMxseoFf\nKMHQ1EnKeWYdPFSSfFThdFVSS7ejbDM0f1upiXpuLm4Jxkq2WBvbppUGoDUKn0YI\nT8EAAAEBAOnFyHT6vGQLYv99iIojDOSOf9+VNwhr3ve/clBRtVajWRKdYfkOMheH\nNgLZbLt19yWHfbgGOdLOX+EU50DfvVfaXkK7C0VgvuFmXVrzHJ7pncMyE2WJGMx7\nWaSFTlcnC96Mxpgk0aSJOeg2gD/jRkaLa0AvMOit87zAHdYAd+Zyks345FTzePTs\nsb9+U+4QtPxnH7Rh2QHC/V7LnFFn51OW8qPeQf+hMtYC+5g94CcjSl4s9IBTGxN9\nI+SuvOt2fLbCRnU+/vTByxWDLNPOz25UH6oilbvR8HLnYpS9a5MW8cwIyWVsx39h\nC5k6Q1vr0/L7/JI7YrSGZDj16aBRS78AAAAAAQID\n-----END OPENSSH PRIVATE KEY-----\n",
            "private_key_pem": "-----BEGIN RSA PRIVATE KEY-----\nMIIJKQIBAAKCAgEAvrwktpkqvGnwNnIj7HUSWNiZ9MJiGb5hajPTp+Ko/b7LOdoO\n41sNgejTmHtrdX4MEAwi2FYK3gYvWX9zqMrfCSYj1B4NUKcK4thw7FoMp/KgdgRq\n5NYIU5sw7OrlqOJeY170JOTQrOXK08qkHLfuszJb5v+HvkXJWsq0S6CERrfWanTG\n0VsC/RS7cdV7dqy8ysvAs7JW0skFZljhesUNKg3UCSelCgSh92uMISSNc7vVS03x\n0KOZG1s3A99gh7wtWKNRhwJldquQEr3HuqTblIWMRdoHuR+AIsfIOX6c0vOOEgaG\nk8Uii54JM6DWNlWa3u++m/I1ALFbeJW/zYcKMf+pJo1WDJHkw+aDTo3yDGP8N/EG\nKk3a8RQscLPNrlDZnOtNYpAC2s3LnNPe0po385TP28WJPRxeOI5Q5c3xci63VA1A\nmSgnbSjO+GdSFpgCLuVA8B0mbN5tr3yDgKgDW4je5zShXuxtbhZDRKiZFRjB4cYy\nJfa9z7JVuP/gO5WKK/mIxOcJEVJyal0kUEFZPGbKd8naQN+p5XeTVlR+IdTff+2s\nWLH41ZszeRAyvggnRSPLOUt2GiToo6jUZHczb6B5t3FdjMWwRHB4tG6K7FOHlXY+\nAwlmdv4/eYWD/sdG9/xIPkXtONo2+LHOBMFzEqwL/1WbHxVIgfY8fIuiC/8CAwEA\nAQKCAgA1k5HYfNPFUxi3on42yHfb3xP37bYytwiUFXTJvuBrTnG1kWwHLydvK2Bs\nf5aizUJEK7SKAjlRPnmEcUmiy0G1RzJfPgXNdu6W4+dsbKsLbhrmq7z/BKQYIAqx\nMhZKxzNuRFjeGCwJtQ6xSUWqD3yMd4PbMkIGD4JM742PhMpDNxaSlrTWT/NZ9b3l\nbuscXc82Q9+gWmMLGI5cvnCv1LQq8PFzlOBGHSEF5/7XvHXDYaq7WWyoh5vVVFzy\nyIdL+W7fbBjVjLXFjNGOgiKdafuID69kW6c5uAB9RJMYm1kf5Gwu4ghhb8mRYFYD\nW5Vwc8FqB/wJwBJlXGxuRdo3uEwDXQ+5OGLPRcZ26VAWhXXrBq2BVpXjkRp9LvMW\nGUknQ5i1f1jas6DqM5O9D/sRUrVxGJbc4udvcgNJEYbwgXu8a7qbFr1osq+9WNw0\nXqIkQHbF/lPttAl2TvPKff9EC2yeTlVh2PPnVzvIhpxfQrIbSfk3WTdDZOJfxN4A\nXJpWqfFKbjf6nJA1kyOVja4ObtFqZj30wuor94TWi9N0wtRkjbVrmuVvpo+wLnI9\nWVIWCVNO11E8j9YfHNes8umm1uYEJVUBxeOec+TVmagjttEmft4QshNdP9KBVTtS\nf6HvdvjfjUt/IHapxlzIqr6xNrXW42BqkF2I5c6Hp4H3oaDkgQKCAQEA0N7J2mPb\nO77An0e/PCL8Juhw/fglByIU8Rqj6NBVhuNMkJtIBPIMCZSP7V/FNuYW4kmyHodO\nFTHaXKlWsmPhNSk16HDluvFJ/iEDXH3dIxCM8iNjKcvhtpvqb1L0Wp0RwWG2uXh5\nKBYMEZzvXU1NffKjRIven0KfL4jvMMomf2+lv4vqk1oxV9GOYP6qB6nM045XlcUv\nCUrLVFcwa3N27RzeN92Ld6c9HSBq1x/xeyXE+VIQb3wtg/DVxKOtIOX/3mUPLwZP\nheAkzGx6gV8owdDUScp5Zh08VJJ8VOF0VVJLt6NsMzR/W6mJem4ubgnGSrZYG9um\nlQagNQqfRghPwQKCAQEA6cXIdPq8ZAti/32IiiMM5I5/35U3CGve979yUFG1VqNZ\nEp1h+Q4yF4c2Atlsu3X3JYd9uAY50s5f4RTnQN+9V9peQrsLRWC+4WZdWvMcnumd\nwzITZYkYzHtZpIVOVycL3ozGmCTRpIk56DaAP+NGRotrQC8w6K3zvMAd1gB35nKS\nzfjkVPN49Oyxv35T7hC0/GcftGHZAcL9XsucUWfnU5byo95B/6Ey1gL7mD3gJyNK\nXiz0gFMbE30j5K6863Z8tsJGdT7+9MHLFYMs087PblQfqiKVu9HwcudilL1rkxbx\nzAjJZWzHf2ELmTpDW+vT8vv8kjtitIZkOPXpoFFLvwKCAQEAupbsF+6wwPStOx1r\nFxvhyhhIKHlvCqpFrwWve6HxZajUkzJE6jYYzs4qrVGq6louA0T2nBMfjAuXGMQm\nMQLNAyKnh9ijQZegFCgFyrCdxl9Yqk82nPYH04wBqCWhKPm8DNdv1sxq34aijXF2\n3BDcszD47ZlN7VQkxOA9XYaZUaq5lR43Fh+yiNMpsDiQSHxGAI/eamtWk6R/c/7X\nwIXLrhLl6V4+40tBay20hC2DGhIpntjS2eVC++U/8oSNeyA8rb32DHpEvEH6Xaxi\n3APYcxxNKQZ54OEpLhwWefVWaYo1Hf4eALhbNdWEfRzE2YRd4gx3NZvJesQKhpfQ\npU1zgQKCAQEAgYTZOSaqNeuxH8iXW6FrxT3GT0PGx92sHStu1F1Q0P2TniKgY3Kg\nAjUhkZaRDZOgKKTW3JxmcQtyR6xjK6hKqWANFX+4EOo3F361fmxvkQPyKnGWGY1J\nthEpa2OIMfUqOFVaunS7yiNVd/iqObtb9j3MYDVFLcUi45K1dRmxVHZqK8AYEZEL\nlPeGy4fcTGvpOmaQREpqBvXXlyvMIbYljkR1jqDXhB/1oGjqqECv7j85NtBFbsuc\nlsGgn1TIytRM6JzemJscetLcB8Ezlu5gMspc+NBMkVERnTfhgHMqJMZzlQ3RN2Z7\naXGFEZIcO9N/DILcPtC0MTy8TmrA09f21QKCAQBuWPKHeyJl/bP86GEeNMJI0ZRb\nZPehLAXH4dhZ/gnIqP0ELomUK0jcme2a8opQjFgYoVh2tklzmjukYpKnpwg466QM\nOvYbWUus8DPnLtgCPgfWITSs3d/xyjFWlsJhB7OzXQeamQMg7txfh5O58NQb935+\nHq/yLrR23EGr+jiD25WbI0BwCMLMU875zrYqG0mgXnOQEKo1cLzT98eqQFqPx3xF\noHhlbp8zHKSgz7emvj8HtakRtN3YXAt5Wf6wUm0O1qN4EgIF/HZsZIKGFspA9x+r\nqzTiicvyQN2xd28SNP8Weyn4n5tAkmhjvc01nZqwFQk7RfmELbXLnrUhENpn\n-----END RSA PRIVATE KEY-----\n",
            "private_key_pem_pkcs8": "-----BEGIN PRIVATE KEY-----\nMIIJQwIBADANBgkqhkiG9w0BAQEFAASCCS0wggkpAgEAAoICAQC+vCS2mSq8afA2\nciPsdRJY2Jn0wmIZvmFqM9On4qj9vss52g7jWw2B6NOYe2t1fgwQDCLYVgreBi9Z\nf3Ooyt8JJiPUHg1Qpwri2HDsWgyn8qB2BGrk1ghTmzDs6uWo4l5jXvQk5NCs5crT\nyqQct+6zMlvm/4e+RclayrRLoIRGt9ZqdMbRWwL9FLtx1Xt2rLzKy8CzslbSyQVm\nWOF6xQ0qDdQJJ6UKBKH3a4whJI1zu9VLTfHQo5kbWzcD32CHvC1Yo1GHAmV2q5AS\nvce6pNuUhYxF2ge5H4Aix8g5fpzS844SBoaTxSKLngkzoNY2VZre776b8jUAsVt4\nlb/Nhwox/6kmjVYMkeTD5oNOjfIMY/w38QYqTdrxFCxws82uUNmc601ikALazcuc\n097SmjfzlM/bxYk9HF44jlDlzfFyLrdUDUCZKCdtKM74Z1IWmAIu5UDwHSZs3m2v\nfIOAqANbiN7nNKFe7G1uFkNEqJkVGMHhxjIl9r3PslW4/+A7lYor+YjE5wkRUnJq\nXSRQQVk8Zsp3ydpA36nld5NWVH4h1N9/7axYsfjVmzN5EDK+CCdFI8s5S3YaJOij\nqNRkdzNvoHm3cV2MxbBEcHi0borsU4eVdj4DCWZ2/j95hYP+x0b3/Eg+Re042jb4\nsc4EwXMSrAv/VZsfFUiB9jx8i6IL/wIDAQABAoICADWTkdh808VTGLeifjbId9vf\nE/fttjK3CJQVdMm+4GtOcbWRbAcvJ28rYGx/lqLNQkQrtIoCOVE+eYRxSaLLQbVH\nMl8+Bc127pbj52xsqwtuGuarvP8EpBggCrEyFkrHM25EWN4YLAm1DrFJRaoPfIx3\ng9syQgYPgkzvjY+EykM3FpKWtNZP81n1veVu6xxdzzZD36BaYwsYjly+cK/UtCrw\n8XOU4EYdIQXn/te8dcNhqrtZbKiHm9VUXPLIh0v5bt9sGNWMtcWM0Y6CIp1p+4gP\nr2Rbpzm4AH1EkxibWR/kbC7iCGFvyZFgVgNblXBzwWoH/AnAEmVcbG5F2je4TANd\nD7k4Ys9FxnbpUBaFdesGrYFWleORGn0u8xYZSSdDmLV/WNqzoOozk70P+xFStXEY\nltzi529yA0kRhvCBe7xrupsWvWiyr71Y3DReoiRAdsX+U+20CXZO88p9/0QLbJ5O\nVWHY8+dXO8iGnF9CshtJ+TdZN0Nk4l/E3gBcmlap8UpuN/qckDWTI5WNrg5u0Wpm\nPfTC6iv3hNaL03TC1GSNtWua5W+mj7Aucj1ZUhYJU07XUTyP1h8c16zy6abW5gQl\nVQHF455z5NWZqCO20SZ+3hCyE10/0oFVO1J/oe92+N+NS38gdqnGXMiqvrE2tdbj\nYGqQXYjlzoengfehoOSBAoIBAQDQ3snaY9s7vsCfR788Ivwm6HD9+CUHIhTxGqPo\n0FWG40yQm0gE8gwJlI/tX8U25hbiSbIeh04VMdpcqVayY+E1KTXocOW68Un+IQNc\nfd0jEIzyI2Mpy+G2m+pvUvRanRHBYba5eHkoFgwRnO9dTU198qNEi96fQp8viO8w\nyiZ/b6W/i+qTWjFX0Y5g/qoHqczTjleVxS8JSstUVzBrc3btHN433Yt3pz0dIGrX\nH/F7JcT5UhBvfC2D8NXEo60g5f/eZQ8vBk+F4CTMbHqBXyjB0NRJynlmHTxUknxU\n4XRVUku3o2wzNH9bqYl6bi5uCcZKtlgb26aVBqA1Cp9GCE/BAoIBAQDpxch0+rxk\nC2L/fYiKIwzkjn/flTcIa973v3JQUbVWo1kSnWH5DjIXhzYC2Wy7dfclh324BjnS\nzl/hFOdA371X2l5CuwtFYL7hZl1a8xye6Z3DMhNliRjMe1mkhU5XJwvejMaYJNGk\niTnoNoA/40ZGi2tALzDorfO8wB3WAHfmcpLN+ORU83j07LG/flPuELT8Zx+0YdkB\nwv1ey5xRZ+dTlvKj3kH/oTLWAvuYPeAnI0peLPSAUxsTfSPkrrzrdny2wkZ1Pv70\nwcsVgyzTzs9uVB+qIpW70fBy52KUvWuTFvHMCMllbMd/YQuZOkNb69Py+/ySO2K0\nhmQ49emgUUu/AoIBAQC6luwX7rDA9K07HWsXG+HKGEgoeW8KqkWvBa97ofFlqNST\nMkTqNhjOziqtUarqWi4DRPacEx+MC5cYxCYxAs0DIqeH2KNBl6AUKAXKsJ3GX1iq\nTzac9gfTjAGoJaEo+bwM12/WzGrfhqKNcXbcENyzMPjtmU3tVCTE4D1dhplRqrmV\nHjcWH7KI0ymwOJBIfEYAj95qa1aTpH9z/tfAhcuuEuXpXj7jS0FrLbSELYMaEime\n2NLZ5UL75T/yhI17IDytvfYMekS8QfpdrGLcA9hzHE0pBnng4SkuHBZ59VZpijUd\n/h4AuFs11YR9HMTZhF3iDHc1m8l6xAqGl9ClTXOBAoIBAQCBhNk5Jqo167EfyJdb\noWvFPcZPQ8bH3awdK27UXVDQ/ZOeIqBjcqACNSGRlpENk6AopNbcnGZxC3JHrGMr\nqEqpYA0Vf7gQ6jcXfrV+bG+RA/IqcZYZjUm2ESlrY4gx9So4VVq6dLvKI1V3+Ko5\nu1v2PcxgNUUtxSLjkrV1GbFUdmorwBgRkQuU94bLh9xMa+k6ZpBESmoG9deXK8wh\ntiWORHWOoNeEH/WgaOqoQK/uPzk20EVuy5yWwaCfVMjK1EzonN6Ymxx60twHwTOW\n7mAyylz40EyRURGdN+GAcyokxnOVDdE3ZntpcYURkhw7038Mgtw+0LQxPLxOasDT\n1/bVAoIBAG5Y8od7ImX9s/zoYR40wkjRlFtk96EsBcfh2Fn+Ccio/QQuiZQrSNyZ\n7ZryilCMWBihWHa2SXOaO6RikqenCDjrpAw69htZS6zwM+cu2AI+B9YhNKzd3/HK\nMVaWwmEHs7NdB5qZAyDu3F+Hk7nw1Bv3fn4er/IutHbcQav6OIPblZsjQHAIwsxT\nzvnOtiobSaBec5AQqjVwvNP3x6pAWo/HfEWgeGVunzMcpKDPt6a+Pwe1qRG03dhc\nC3lZ/rBSbQ7Wo3gSAgX8dmxkgoYWykD3H6urNOKJy/JA3bF3bxI0/xZ7Kfifm0CS\naGO9zTWdmrAVCTtF+YQttcuetSEQ2mc=\n-----END PRIVATE KEY-----\n",
            "public_key_fingerprint_md5": "de:43:0d:7d:78:1c:fc:c0:1f:6e:e9:ee:d1:b8:83:cf",
            "public_key_fingerprint_sha256": "SHA256:pxiv/XhBRH3Etda/uPrWp4AfAg27ddo2iD6EVrcC0aI",
            "public_key_openssh": "ssh-rsa AAAAB3NzaC1yc2EAAAADAQABAAACAQC+vCS2mSq8afA2ciPsdRJY2Jn0wmIZvmFqM9On4qj9vss52g7jWw2B6NOYe2t1fgwQDCLYVgreBi9Zf3Ooyt8JJiPUHg1Qpwri2HDsWgyn8qB2BGrk1ghTmzDs6uWo4l5jXvQk5NCs5crTyqQct+6zMlvm/4e+RclayrRLoIRGt9ZqdMbRWwL9FLtx1Xt2rLzKy8CzslbSyQVmWOF6xQ0qDdQJJ6UKBKH3a4whJI1zu9VLTfHQo5kbWzcD32CHvC1Yo1GHAmV2q5ASvce6pNuUhYxF2ge5H4Aix8g5fpzS844SBoaTxSKLngkzoNY2VZre776b8jUAsVt4lb/Nhwox/6kmjVYMkeTD5oNOjfIMY/w38QYqTdrxFCxws82uUNmc601ikALazcuc097SmjfzlM/bxYk9HF44jlDlzfFyLrdUDUCZKCdtKM74Z1IWmAIu5UDwHSZs3m2vfIOAqANbiN7nNKFe7G1uFkNEqJkVGMHhxjIl9r3PslW4/+A7lYor+YjE5wkRUnJqXSRQQVk8Zsp3ydpA36nld5NWVH4h1N9/7axYsfjVmzN5EDK+CCdFI8s5S3YaJOijqNRkdzNvoHm3cV2MxbBEcHi0borsU4eVdj4DCWZ2/j95hYP+x0b3/Eg+Re042jb4sc4EwXMSrAv/VZsfFUiB9jx8i6IL/w==\n",
            "public_key_pem": "-----BEGIN PUBLIC KEY-----\nMIICIjANBgkqhkiG9w0BAQEFAAOCAg8AMIICCgKCAgEAvrwktpkqvGnwNnIj7HUS\nWNiZ9MJiGb5hajPTp+Ko/b7LOdoO41sNgejTmHtrdX4MEAwi2FYK3gYvWX9zqMrf\nCSYj1B4NUKcK4thw7FoMp/KgdgRq5NYIU5sw7OrlqOJeY170JOTQrOXK08qkHLfu\nszJb5v+HvkXJWsq0S6CERrfWanTG0VsC/RS7cdV7dqy8ysvAs7JW0skFZljhesUN\nKg3UCSelCgSh92uMISSNc7vVS03x0KOZG1s3A99gh7wtWKNRhwJldquQEr3HuqTb\nlIWMRdoHuR+AIsfIOX6c0vOOEgaGk8Uii54JM6DWNlWa3u++m/I1ALFbeJW/zYcK\nMf+pJo1WDJHkw+aDTo3yDGP8N/EGKk3a8RQscLPNrlDZnOtNYpAC2s3LnNPe0po3\n85TP28WJPRxeOI5Q5c3xci63VA1AmSgnbSjO+GdSFpgCLuVA8B0mbN5tr3yDgKgD\nW4je5zShXuxtbhZDRKiZFRjB4cYyJfa9z7JVuP/gO5WKK/mIxOcJEVJyal0kUEFZ\nPGbKd8naQN+p5XeTVlR+IdTff+2sWLH41ZszeRAyvggnRSPLOUt2GiToo6jUZHcz\nb6B5t3FdjMWwRHB4tG6K7FOHlXY+Awlmdv4/eYWD/sdG9/xIPkXtONo2+LHOBMFz\nEqwL/1WbHxVIgfY8fIuiC/8CAwEAAQ==\n-----END PUBLIC KEY-----\n",
            "rsa_bits": 4096
          },
          "sensitive_attributes": [
            [
              {
                "type": "get_attr",
                "value": "private_key_pem_pkcs8"
              }
            ],
            [
              {
                "type": "get_attr",
                "value": "private_key_pem"
              }
            ],
            [
              {
                "type": "get_attr",
                "value": "private_key_openssh"
              }
            ]
          ]
        }
      ]
    }
  ],
  "check_results": null
}
